{
  "name": "eurowagens-backend",
  "version": "1.0.0",
  "lockfileVersion": 3,
  "requires": true,
  "packages": {
    "": {
      "name": "eurowagens-backend",
      "version": "1.0.0",
      "license": "ISC",
      "dependencies": {
        "dotenv": "^17.3.1",
        "node-cron": "^4.2.1",
        "stream-chain": "^3.6.1",
        "stream-json": "^2.1.0"
      }
    },
    "node_modules/dotenv": {
      "version": "17.3.1",
      "resolved": "https://registry.npmjs.org/dotenv/-/dotenv-17.3.1.tgz",
      "integrity": "sha512-IO8C/dzEb6O3F9/twg6ZLXz164a2fhTnEWb95H23Dm4OuN+92NmEAlTrupP9VW6Jm3sO26tQlqyvyi4CsnY9GA==",
      "license": "BSD-2-Clause",
      "engines": {
        "node": ">=12"
      },
      "funding": {
        "url": "https://dotenvx.com"
      }
    },
    "node_modules/node-cron": {
      "version": "4.2.1",
      "resolved": "https://registry.npmjs.org/node-cron/-/node-cron-4.2.1.tgz",
      "integrity": "sha512-lgimEHPE/QDgFlywTd8yTR61ptugX3Qer29efeyWw2rv259HtGBNn1vZVmp8lB9uo9wC0t/AT4iGqXxia+CJFg==",
      "license": "ISC",
      "engines": {
        "node": ">=6.0.0"
      }
    },
    "node_modules/stream-chain": {
      "version": "3.6.1",
      "resolved": "https://registry.npmjs.org/stream-chain/-/stream-chain-3.6.1.tgz",
      "integrity": "sha512-M4BQpNPI71uumkVXjl4y+mIormQXdo4R0pSR23mcLbn6D+kpvu7Kx2g1hf0jRB76Zb1IT1M06OIGghMTAtZdyQ==",
      "funding": {
        "url": "https://github.com/sponsors/uhop"
      }
    },
    "node_modules/stream-json": {
      "version": "2.1.0",
      "resolved": "https://registry.npmjs.org/stream-json/-/stream-json-2.1.0.tgz",
      "integrity": "sha512-9gV/ywtebMn3DdKnNKYCb9iESvgR1dHbucNV+bRGvdvy+jV4c9FFgYKmENhpKv58jSwvs90Wk80RhfKk1KxHPg==",
      "dependencies": {
        "stream-chain": "^3.6.1"
      },
      "funding": {
        "url": "https://github.com/sponsors/uhop"
      }
    }
  }
}
